version = 1
revision = 3
requires-python = "==3.14.*"

[[package]]
name = "attrs"
version = "26.1.0"
source = { registry = "https://pypi.org/simple" }
sdist = { url = "https://files.pythonhosted.org/packages/9a/8e/82a0fe20a541c03148528be8cac2408564a6c9a0cc7e9171802bc1d26985/attrs-26.1.0.tar.gz", hash = "sha256:d03ceb89cb322a8fd706d4fb91940737b6642aa36998fe130a9bc96c985eff32", size = 952055, upload-time = "2026-03-19T14:22:25.026Z" }
wheels = [
    { url = "https://files.pythonhosted.org/packages/64/b4/17d4b0b2a2dc85a6df63d1157e028ed19f90d4cd97c36717afef2bc2f395/attrs-26.1.0-py3-none-any.whl", hash = "sha256:c647aa4a12dfbad9333ca4e71fe62ddc36f4e63b2d260a37a8b83d2f043ac309", size = 67548, upload-time = "2026-03-19T14:22:23.645Z" },
]

[[package]]
name = "cffi"
version = "2.0.0"
source = { registry = "https://pypi.org/simple" }
dependencies = [
    { name = "pycparser", marker = "implementation_name != 'PyPy'" },
]
sdist = { url = "https://files.pythonhosted.org/packages/eb/56/b1ba7935a17738ae8453301356628e8147c79dbb825bcbc73dc7401f9846/cffi-2.0.0.tar.gz", hash = "sha256:44d1b5909021139fe36001ae048dbdde8214afa20200eda0f64c068cac5d5529", size = 523588, upload-time = "2025-09-08T23:24:04.541Z" }
wheels = [
    { url = "https://files.pythonhosted.org/packages/92/c4/3ce07396253a83250ee98564f8d7e9789fab8e58858f35d07a9a2c78de9f/cffi-2.0.0-cp314-cp314-macosx_10_13_x86_64.whl", hash = "sha256:fc33c5141b55ed366cfaad382df24fe7dcbc686de5be719b207bb248e3053dc5", size = 185320, upload-time = "2025-09-08T23:23:18.087Z" },
    { url = "https://files.pythonhosted.org/packages/59/dd/27e9fa567a23931c838c6b02d0764611c62290062a6d4e8ff7863daf9730/cffi-2.0.0-cp314-cp314-macosx_11_0_arm64.whl", hash = "sha256:c654de545946e0db659b3400168c9ad31b5d29593291482c43e3564effbcee13", size = 181487, upload-time = "2025-09-08T23:23:19.622Z" },
    { url = "https://files.pythonhosted.org/packages/d6/43/0e822876f87ea8a4ef95442c3d766a06a51fc5298823f884ef87aaad168c/cffi-2.0.0-cp314-cp314-manylinux2014_aarch64.manylinux_2_17_aarch64.whl", hash = "sha256:24b6f81f1983e6df8db3adc38562c83f7d4a0c36162885ec7f7b77c7dcbec97b", size = 220049, upload-time = "2025-09-08T23:23:20.853Z" },
    { url = "https://files.pythonhosted.org/packages/b4/89/76799151d9c2d2d1ead63c2429da9ea9d7aac304603de0c6e8764e6e8e70/cffi-2.0.0-cp314-cp314-manylinux2014_ppc64le.manylinux_2_17_ppc64le.whl", hash = "sha256:12873ca6cb9b0f0d3a0da705d6086fe911591737a59f28b7936bdfed27c0d47c", size = 207793, upload-time = "2025-09-08T23:23:22.08Z" },
    { url = "https://files.pythonhosted.org/packages/bb/dd/3465b14bb9e24ee24cb88c9e3730f6de63111fffe513492bf8c808a3547e/cffi-2.0.0-cp314-cp314-manylinux2014_s390x.manylinux_2_17_s390x.whl", hash = "sha256:d9b97165e8aed9272a6bb17c01e3cc5871a594a446ebedc996e2397a1c1ea8ef", size = 206300, upload-time = "2025-09-08T23:23:23.314Z" },
    { url = "https://files.pythonhosted.org/packages/47/d9/d83e293854571c877a92da46fdec39158f8d7e68da75bf73581225d28e90/cffi-2.0.0-cp314-cp314-manylinux2014_x86_64.manylinux_2_17_x86_64.whl", hash = "sha256:afb8db5439b81cf9c9d0c80404b60c3cc9c3add93e114dcae767f1477cb53775", size = 219244, upload-time = "2025-09-08T23:23:24.541Z" },
    { url = "https://files.pythonhosted.org/packages/2b/0f/1f177e3683aead2bb00f7679a16451d302c436b5cbf2505f0ea8146ef59e/cffi-2.0.0-cp314-cp314-musllinux_1_2_aarch64.whl", hash = "sha256:737fe7d37e1a1bffe70bd5754ea763a62a066dc5913ca57e957824b72a85e205", size = 222828, upload-time = "2025-09-08T23:23:26.143Z" },
    { url = "https://files.pythonhosted.org/packages/c6/0f/cafacebd4b040e3119dcb32fed8bdef8dfe94da653155f9d0b9dc660166e/cffi-2.0.0-cp314-cp314-musllinux_1_2_x86_64.whl", hash = "sha256:38100abb9d1b1435bc4cc340bb4489635dc2f0da7456590877030c9b3d40b0c1", size = 220926, upload-time = "2025-09-08T23:23:27.873Z" },
    { url = "https://files.pythonhosted.org/packages/3e/aa/df335faa45b395396fcbc03de2dfcab242cd61a9900e914fe682a59170b1/cffi-2.0.0-cp314-cp314-win32.whl", hash = "sha256:087067fa8953339c723661eda6b54bc98c5625757ea62e95eb4898ad5e776e9f", size = 175328, upload-time = "2025-09-08T23:23:44.61Z" },
    { url = "https://files.pythonhosted.org/packages/bb/92/882c2d30831744296ce713f0feb4c1cd30f346ef747b530b5318715cc367/cffi-2.0.0-cp314-cp314-win_amd64.whl", hash = "sha256:203a48d1fb583fc7d78a4c6655692963b860a417c0528492a6bc21f1aaefab25", size = 185650, upload-time = "2025-09-08T23:23:45.848Z" },
    { url = "https://files.pythonhosted.org/packages/9f/2c/98ece204b9d35a7366b5b2c6539c350313ca13932143e79dc133ba757104/cffi-2.0.0-cp314-cp314-win_arm64.whl", hash = "sha256:dbd5c7a25a7cb98f5ca55d258b103a2054f859a46ae11aaf23134f9cc0d356ad", size = 180687, upload-time = "2025-09-08T23:23:47.105Z" },
    { url = "https://files.pythonhosted.org/packages/3e/61/c768e4d548bfa607abcda77423448df8c471f25dbe64fb2ef6d555eae006/cffi-2.0.0-cp314-cp314t-macosx_10_13_x86_64.whl", hash = "sha256:9a67fc9e8eb39039280526379fb3a70023d77caec1852002b4da7e8b270c4dd9", size = 188773, upload-time = "2025-09-08T23:23:29.347Z" },
    { url = "https://files.pythonhosted.org/packages/2c/ea/5f76bce7cf6fcd0ab1a1058b5af899bfbef198bea4d5686da88471ea0336/cffi-2.0.0-cp314-cp314t-macosx_11_0_arm64.whl", hash = "sha256:7a66c7204d8869299919db4d5069a82f1561581af12b11b3c9f48c584eb8743d", size = 185013, upload-time = "2025-09-08T23:23:30.63Z" },
    { url = "https://files.pythonhosted.org/packages/be/b4/c56878d0d1755cf9caa54ba71e5d049479c52f9e4afc230f06822162ab2f/cffi-2.0.0-cp314-cp314t-manylinux2014_aarch64.manylinux_2_17_aarch64.whl", hash = "sha256:7cc09976e8b56f8cebd752f7113ad07752461f48a58cbba644139015ac24954c", size = 221593, upload-time = "2025-09-08T23:23:31.91Z" },
    { url = "https://files.pythonhosted.org/packages/e0/0d/eb704606dfe8033e7128df5e90fee946bbcb64a04fcdaa97321309004000/cffi-2.0.0-cp314-cp314t-manylinux2014_ppc64le.manylinux_2_17_ppc64le.whl", hash = "sha256:92b68146a71df78564e4ef48af17551a5ddd142e5190cdf2c5624d0c3ff5b2e8", size = 209354, upload-time = "2025-09-08T23:23:33.214Z" },
    { url = "https://files.pythonhosted.org/packages/d8/19/3c435d727b368ca475fb8742ab97c9cb13a0de600ce86f62eab7fa3eea60/cffi-2.0.0-cp314-cp314t-manylinux2014_s390x.manylinux_2_17_s390x.whl", hash = "sha256:b1e74d11748e7e98e2f426ab176d4ed720a64412b6a15054378afdb71e0f37dc", size = 208480, upload-time = "2025-09-08T23:23:34.495Z" },
    { url = "https://files.pythonhosted.org/packages/d0/44/681604464ed9541673e486521497406fadcc15b5217c3e326b061696899a/cffi-2.0.0-cp314-cp314t-manylinux2014_x86_64.manylinux_2_17_x86_64.whl", hash = "sha256:28a3a209b96630bca57cce802da70c266eb08c6e97e5afd61a75611ee6c64592", size = 221584, upload-time = "2025-09-08T23:23:36.096Z" },
    { url = "https://files.pythonhosted.org/packages/25/8e/342a504ff018a2825d395d44d63a767dd8ebc927ebda557fecdaca3ac33a/cffi-2.0.0-cp314-cp314t-musllinux_1_2_aarch64.whl", hash = "sha256:7553fb2090d71822f02c629afe6042c299edf91ba1bf94951165613553984512", size = 224443, upload-time = "2025-09-08T23:23:37.328Z" },
    { url = "https://files.pythonhosted.org/packages/e1/5e/b666bacbbc60fbf415ba9988324a132c9a7a0448a9a8f125074671c0f2c3/cffi-2.0.0-cp314-cp314t-musllinux_1_2_x86_64.whl", hash = "sha256:6c6c373cfc5c83a975506110d17457138c8c63016b563cc9ed6e056a82f13ce4", size = 223437, upload-time = "2025-09-08T23:23:38.945Z" },
    { url = "https://files.pythonhosted.org/packages/a0/1d/ec1a60bd1a10daa292d3cd6bb0b359a81607154fb8165f3ec95fe003b85c/cffi-2.0.0-cp314-cp314t-win32.whl", hash = "sha256:1fc9ea04857caf665289b7a75923f2c6ed559b8298a1b8c49e59f7dd95c8481e", size = 180487, upload-time = "2025-09-08T23:23:40.423Z" },
    { url = "https://files.pythonhosted.org/packages/bf/41/4c1168c74fac325c0c8156f04b6749c8b6a8f405bbf91413ba088359f60d/cffi-2.0.0-cp314-cp314t-win_amd64.whl", hash = "sha256:d68b6cef7827e8641e8ef16f4494edda8b36104d79773a334beaa1e3521430f6", size = 191726, upload-time = "2025-09-08T23:23:41.742Z" },
    { url = "https://files.pythonhosted.org/packages/ae/3a/dbeec9d1ee0844c679f6bb5d6ad4e9f198b1224f4e7a32825f47f6192b0c/cffi-2.0.0-cp314-cp314t-win_arm64.whl", hash = "sha256:0a1527a803f0a659de1af2e1fd700213caba79377e27e4693648c2923da066f9", size = 184195, upload-time = "2025-09-08T23:23:43.004Z" },
]

[[package]]
name = "jsonschema"
version = "4.26.0"
source = { registry = "https://pypi.org/simple" }
dependencies = [
    { name = "attrs" },
    { name = "jsonschema-specifications" },
    { name = "referencing" },
    { name = "rpds-py" },
]
sdist = { url = "https://files.pythonhosted.org/packages/b3/fc/e067678238fa451312d4c62bf6e6cf5ec56375422aee02f9cb5f909b3047/jsonschema-4.26.0.tar.gz", hash = "sha256:0c26707e2efad8aa1bfc5b7ce170f3fccc2e4918ff85989ba9ffa9facb2be326", size = 366583, upload-time = "2026-01-07T13:41:07.246Z" }
wheels = [
    { url = "https://files.pythonhosted.org/packages/69/90/f63fb5873511e014207a475e2bb4e8b2e570d655b00ac19a9a0ca0a385ee/jsonschema-4.26.0-py3-none-any.whl", hash = "sha256:d489f15263b8d200f8387e64b4c3a75f06629559fb73deb8fdfb525f2dab50ce", size = 90630, upload-time = "2026-01-07T13:41:05.306Z" },
]

[[package]]
name = "jsonschema-specifications"
version = "2025.9.1"
source = { registry = "https://pypi.org/simple" }
dependencies = [
    { name = "referencing" },
]
sdist = { url = "https://files.pythonhosted.org/packages/19/74/a633ee74eb36c44aa6d1095e7cc5569bebf04342ee146178e2d36600708b/jsonschema_specifications-2025.9.1.tar.gz", hash = "sha256:b540987f239e745613c7a9176f3edb72b832a4ac465cf02712288397832b5e8d", size = 32855, upload-time = "2025-09-08T01:34:59.186Z" }
wheels = [
    { url = "https://files.pythonhosted.org/packages/41/45/1a4ed80516f02155c51f51e8cedb3c1902296743db0bbc66608a0db2814f/jsonschema_specifications-2025.9.1-py3-none-any.whl", hash = "sha256:98802fee3a11ee76ecaca44429fda8a41bff98b00a0f2838151b113f210cc6fe", size = 18437, upload-time = "2025-09-08T01:34:57.871Z" },
]

[[package]]
name = "kicad-python"
version = "0.8.0.dev0"
source = { git = "https://gitlab.com/kicad/code/kicad-python#d54bd6288775d7e75be53bac7aa0ed3dba5d10fd" }
dependencies = [
    { name = "jsonschema" },
    { name = "protobuf" },
    { name = "pynng" },
]

[[package]]
name = "kicad-python-git-dep-example"
version = "0.1.0"
source = { virtual = "." }
dependencies = [
    { name = "kicad-python" },
]

[package.metadata]
requires-dist = [{ name = "kicad-python", git = "https://gitlab.com/kicad/code/kicad-python" }]

[[package]]
name = "protobuf"
version = "5.29.6"
source = { registry = "https://pypi.org/simple" }
sdist = { url = "https://files.pythonhosted.org/packages/7e/57/394a763c103e0edf87f0938dafcd918d53b4c011dfc5c8ae80f3b0452dbb/protobuf-5.29.6.tar.gz", hash = "sha256:da9ee6a5424b6b30fd5e45c5ea663aef540ca95f9ad99d1e887e819cdf9b8723", size = 425623, upload-time = "2026-02-04T22:54:40.584Z" }
wheels = [
    { url = "https://files.pythonhosted.org/packages/d4/88/9ee58ff7863c479d6f8346686d4636dd4c415b0cbeed7a6a7d0617639c2a/protobuf-5.29.6-cp310-abi3-win32.whl", hash = "sha256:62e8a3114992c7c647bce37dcc93647575fc52d50e48de30c6fcb28a6a291eb1", size = 423357, upload-time = "2026-02-04T22:54:25.805Z" },
    { url = "https://files.pythonhosted.org/packages/1c/66/2dc736a4d576847134fb6d80bd995c569b13cdc7b815d669050bf0ce2d2c/protobuf-5.29.6-cp310-abi3-win_amd64.whl", hash = "sha256:7e6ad413275be172f67fdee0f43484b6de5a904cc1c3ea9804cb6fe2ff366eda", size = 435175, upload-time = "2026-02-04T22:54:28.592Z" },
    { url = "https://files.pythonhosted.org/packages/06/db/49b05966fd208ae3f44dcd33837b6243b4915c57561d730a43f881f24dea/protobuf-5.29.6-cp38-abi3-macosx_10_9_universal2.whl", hash = "sha256:b5a169e664b4057183a34bdc424540e86eea47560f3c123a0d64de4e137f9269", size = 418619, upload-time = "2026-02-04T22:54:30.266Z" },
    { url = "https://files.pythonhosted.org/packages/b7/d7/48cbf6b0c3c39761e47a99cb483405f0fde2be22cf00d71ef316ce52b458/protobuf-5.29.6-cp38-abi3-manylinux2014_aarch64.whl", hash = "sha256:a8866b2cff111f0f863c1b3b9e7572dc7eaea23a7fae27f6fc613304046483e6", size = 320284, upload-time = "2026-02-04T22:54:31.782Z" },
    { url = "https://files.pythonhosted.org/packages/e3/dd/cadd6ec43069247d91f6345fa7a0d2858bef6af366dbd7ba8f05d2c77d3b/protobuf-5.29.6-cp38-abi3-manylinux2014_x86_64.whl", hash = "sha256:e3387f44798ac1106af0233c04fb8abf543772ff241169946f698b3a9a3d3ab9", size = 320478, upload-time = "2026-02-04T22:54:32.909Z" },
    { url = "https://files.pythonhosted.org/packages/5a/cb/e3065b447186cb70aa65acc70c86baf482d82bf75625bf5a2c4f6919c6a3/protobuf-5.29.6-py3-none-any.whl", hash = "sha256:6b9edb641441b2da9fa8f428760fc136a49cf97a52076010cf22a2ff73438a86", size = 173126, upload-time = "2026-02-04T22:54:39.462Z" },
]

[[package]]
name = "pycparser"
version = "3.0"
source = { registry = "https://pypi.org/simple" }
sdist = { url = "https://files.pythonhosted.org/packages/1b/7d/92392ff7815c21062bea51aa7b87d45576f649f16458d78b7cf94b9ab2e6/pycparser-3.0.tar.gz", hash = "sha256:600f49d217304a5902ac3c37e1281c9fe94e4d0489de643a9504c5cdfdfc6b29", size = 103492, upload-time = "2026-01-21T14:26:51.89Z" }
wheels = [
    { url = "https://files.pythonhosted.org/packages/0c/c3/44f3fbbfa403ea2a7c779186dc20772604442dde72947e7d01069cbe98e3/pycparser-3.0-py3-none-any.whl", hash = "sha256:b727414169a36b7d524c1c3e31839a521725078d7b2ff038656844266160a992", size = 48172, upload-time = "2026-01-21T14:26:50.693Z" },
]

[[package]]
name = "pynng"
version = "0.9.0"
source = { registry = "https://pypi.org/simple" }
dependencies = [
    { name = "cffi" },
    { name = "sniffio" },
]
sdist = { url = "https://files.pythonhosted.org/packages/4a/58/ec352db5f82a3fe56856fa9510dd051cdfba03c490dd58c0bbca0bdf7771/pynng-0.9.0.tar.gz", hash = "sha256:fcd839abf82a2934fa8c27ff57b574b41810458e35895bac6288814defa8fb4e", size = 7211228, upload-time = "2026-02-04T17:13:23.758Z" }
wheels = [
    { url = "https://files.pythonhosted.org/packages/a0/c1/91f81d20aafd2e10f529368a066416ba2337960d47d9b0a9d152daa958ef/pynng-0.9.0-cp314-cp314-macosx_10_15_universal2.whl", hash = "sha256:f14ad58d663ac65aab637ec5a248e75668e8b1051c634df5fa69b53f34ab2e63", size = 1209722, upload-time = "2026-02-04T17:12:40.813Z" },
    { url = "https://files.pythonhosted.org/packages/bc/7e/b05ffc3a6a38a2006c5674ed18abde4f6bc773ac487cd890d00dbc40b6f8/pynng-0.9.0-cp314-cp314-manylinux_2_26_aarch64.manylinux_2_28_aarch64.whl", hash = "sha256:1eeb60a484ac1f8f148d8340d7c120e075b205fda008860c0c53b19c72e23285", size = 995122, upload-time = "2026-02-04T17:12:42.253Z" },
    { url = "https://files.pythonhosted.org/packages/3c/a3/713c16a496c3d6cff74857c815a358939a43448985a63105500a38fc56b9/pynng-0.9.0-cp314-cp314-manylinux_2_26_x86_64.manylinux_2_28_x86_64.whl", hash = "sha256:4efd1ecb821248b7843f343564da056c0dec20a1474d260e94aab09f5fcb1567", size = 1028717, upload-time = "2026-02-04T17:12:43.555Z" },
    { url = "https://files.pythonhosted.org/packages/34/48/9b3271e2c5ebf7c7197121f1578255276e1c416b848696f4c296803af896/pynng-0.9.0-cp314-cp314-musllinux_1_2_aarch64.whl", hash = "sha256:bc7c572cf9e511483f25bd026eed83b23d897fea01fe0998a13f19e9589943b8", size = 1012349, upload-time = "2026-02-04T17:12:44.767Z" },
    { url = "https://files.pythonhosted.org/packages/7c/46/447ba91701b5960d13e5ef211842d9dd3d7256d8def69265c1da53234696/pynng-0.9.0-cp314-cp314-musllinux_1_2_x86_64.whl", hash = "sha256:7872e1538a6bac233fa7529b0b4819e6d15366f31e902bc2169aa4b182915c6d", size = 1032710, upload-time = "2026-02-04T17:12:46.094Z" },
    { url = "https://files.pythonhosted.org/packages/91/8a/4831da593c9f3375c593770bcc49da0bc864520b134c541da531f809186d/pynng-0.9.0-cp314-cp314-win32.whl", hash = "sha256:8cb552d57898745c105ff3f0764d3a9bda31077126425fd6937ca4d5d910aa69", size = 454072, upload-time = "2026-02-04T17:12:55.306Z" },
    { url = "https://files.pythonhosted.org/packages/48/5c/7c60dc6298147c571b1cc0796c3a5610a08a5cf1b519dcb71611352a1817/pynng-0.9.0-cp314-cp314-win_amd64.whl", hash = "sha256:bb867ed8c6f646ce06441547fdfd912789ecd6651906977a666628bb3540e979", size = 559551, upload-time = "2026-02-04T17:12:56.538Z" },
    { url = "https://files.pythonhosted.org/packages/5c/d1/9095acfd3d1d3addeab33a914a59df0e66e26eb31eed5de341f166296068/pynng-0.9.0-cp314-cp314-win_arm64.whl", hash = "sha256:160c73208363849d019ef0b9a21d2a58c4bc94085e0a519af10a02de14f60a1d", size = 496372, upload-time = "2026-02-04T17:12:57.729Z" },
    { url = "https://files.pythonhosted.org/packages/3e/d3/01a6783030f4c9eefb67c0aa98d0f522b4374e1973a6adc5eb4d06233366/pynng-0.9.0-cp314-cp314t-macosx_10_15_universal2.whl", hash = "sha256:ce65dc749a71d7c850e9310cc28836cd140769a37cba69069dc13bc2c3a9f3e9", size = 1211592, upload-time = "2026-02-04T17:12:47.918Z" },
    { url = "https://files.pythonhosted.org/packages/07/b7/dc03b816d96d2492617fa5b94df163aee437db24ead15d2294c51f088183/pynng-0.9.0-cp314-cp314t-manylinux_2_26_aarch64.manylinux_2_28_aarch64.whl", hash = "sha256:d0a2810c035c39e29c690afbbe58ce433255d817bb267323d90dff7d3c31f3fc", size = 1010817, upload-time = "2026-02-04T17:12:49.416Z" },
    { url = "https://files.pythonhosted.org/packages/e5/a2/57dcb2b25d29457cc89c323b00e651db60e3ea61eb597c7dcd8132b7b519/pynng-0.9.0-cp314-cp314t-manylinux_2_26_x86_64.manylinux_2_28_x86_64.whl", hash = "sha256:6f2d14dff98750f19f8552cb25fe5c988852cdfe2da5bc29aa224d306ba01ac4", size = 1040274, upload-time = "2026-02-04T17:12:51.002Z" },
    { url = "https://files.pythonhosted.org/packages/f2/73/b5d8870f2ed58113b44682c92323985a8234b3ec0813a33800bea8fc9c00/pynng-0.9.0-cp314-cp314t-musllinux_1_2_aarch64.whl", hash = "sha256:c7e8b0d5c2102e3f393525c991f2424e601406f4d25ebc45fded952a5e64cfbd", size = 1027454, upload-time = "2026-02-04T17:12:52.52Z" },
    { url = "https://files.pythonhosted.org/packages/2e/55/983791f771c21e6501142392521c07d2ac10cf58ef1114cb10d79b87873f/pynng-0.9.0-cp314-cp314t-musllinux_1_2_x86_64.whl", hash = "sha256:e60dc91e58727597e722b228c3031ebba530c3a92bf76f40e55764053c52512d", size = 1046397, upload-time = "2026-02-04T17:12:53.935Z" },
]

[[package]]
name = "referencing"
version = "0.37.0"
source = { registry = "https://pypi.org/simple" }
dependencies = [
    { name = "attrs" },
    { name = "rpds-py" },
]
sdist = { url = "https://files.pythonhosted.org/packages/22/f5/df4e9027acead3ecc63e50fe1e36aca1523e1719559c499951bb4b53188f/referencing-0.37.0.tar.gz", hash = "sha256:44aefc3142c5b842538163acb373e24cce6632bd54bdb01b21ad5863489f50d8", size = 78036, upload-time = "2025-10-13T15:30:48.871Z" }
wheels = [
    { url = "https://files.pythonhosted.org/packages/2c/58/ca301544e1fa93ed4f80d724bf5b194f6e4b945841c5bfd555878eea9fcb/referencing-0.37.0-py3-none-any.whl", hash = "sha256:381329a9f99628c9069361716891d34ad94af76e461dcb0335825aecc7692231", size = 26766, upload-time = "2025-10-13T15:30:47.625Z" },
]

[[package]]
name = "rpds-py"
version = "2026.5.1"
source = { registry = "https://pypi.org/simple" }
sdist = { url = "https://files.pythonhosted.org/packages/2e/43/25a8dcd3feedd735039a8f0b5b7e3b118232b5eae288c4fd9ab200d41094/rpds_py-2026.5.1.tar.gz", hash = "sha256:07b24fea40541e28570e5b795a4a38fbdcd12550c06bd0748005ecc8116ca256", size = 64459, upload-time = "2026-05-28T12:02:13.232Z" }
wheels = [
    { url = "https://files.pythonhosted.org/packages/d4/6f/19c1918a4b590d8de87e712e4abe4b3875771eff60216fb6153cf6665c68/rpds_py-2026.5.1-cp314-cp314-macosx_10_12_x86_64.whl", hash = "sha256:1f2c391c3059798093b65df23aca2cac150460ae9c630d99dec83d703d9485b9", size = 349756, upload-time = "2026-05-28T12:00:20.217Z" },
    { url = "https://files.pythonhosted.org/packages/e5/60/a06fe7da34eca79dacbf958a2ba0c6eea85bc2b29de20080bf40f72f66fa/rpds_py-2026.5.1-cp314-cp314-macosx_11_0_arm64.whl", hash = "sha256:413b424f7c4ee65ab5e5be91f5731be0f8b41a1ee2b12dfe810d716312e95a78", size = 343831, upload-time = "2026-05-28T12:00:21.711Z" },
    { url = "https://files.pythonhosted.org/packages/bf/ec/b2333b97b90e2a6ef6ca8ad386ee284968e74bcfe113b3f1a8d9036429a9/rpds_py-2026.5.1-cp314-cp314-manylinux_2_17_aarch64.manylinux2014_aarch64.whl", hash = "sha256:2c595a1d9255dce0599e13130d1440ab2506654f2b50294226ee06402f8fef63", size = 375127, upload-time = "2026-05-28T12:00:23.326Z" },
    { url = "https://files.pythonhosted.org/packages/14/7f/e00aae54067f2b488c4637961d5f58204d470795fc791085fa3f15060d2e/rpds_py-2026.5.1-cp314-cp314-manylinux_2_17_armv7l.manylinux2014_armv7l.whl", hash = "sha256:1c27c5f6102eac8c03e7595a00827a53b271ba40a53b59ff8709170e0855ea4a", size = 379034, upload-time = "2026-05-28T12:00:24.89Z" },
    { url = "https://files.pythonhosted.org/packages/be/cc/423999bbb8ae8dc93c77fc1d5e984ade5eb89d237d3bb884ccfa72ae2890/rpds_py-2026.5.1-cp314-cp314-manylinux_2_17_ppc64le.manylinux2014_ppc64le.whl", hash = "sha256:6c7fcf61d44cacecaf3aea542b0e053db77972a4573e7ceda16fb2b399161195", size = 490823, upload-time = "2026-05-28T12:00:26.676Z" },
    { url = "https://files.pythonhosted.org/packages/0f/aa/c671bf660f12e68d3c52ff86c7066ed1372df5a0f4f2ff584e419b8207e7/rpds_py-2026.5.1-cp314-cp314-manylinux_2_17_s390x.manylinux2014_s390x.whl", hash = "sha256:2c817a189d4ee14290420e5ff051e4dd6baa13f3edf84685071dee07a6d538ee", size = 388144, upload-time = "2026-05-28T12:00:28.577Z" },
    { url = "https://files.pythonhosted.org/packages/19/c8/d63bb75b68afe77b229e3021c6031bcaf01da5db5b0e69d0d10f9ba679a7/rpds_py-2026.5.1-cp314-cp314-manylinux_2_17_x86_64.manylinux2014_x86_64.whl", hash = "sha256:21846aac0ed2e0589f38c12dc44e77bb64e494b771eadbcf169cba00566ba7ba", size = 371959, upload-time = "2026-05-28T12:00:30.304Z" },
    { url = "https://files.pythonhosted.org/packages/82/35/c51122014d8274ff37dc606d60049c3db7d83da02b5b282511e5a906a9a6/rpds_py-2026.5.1-cp314-cp314-manylinux_2_31_riscv64.whl", hash = "sha256:b317c87a13f769a4e787819bd508aaa5d69aa09b0880de9af6d3a8a54571cdec", size = 383558, upload-time = "2026-05-28T12:00:31.764Z" },
    { url = "https://files.pythonhosted.org/packages/e3/f9/2790cb99c136a5363acdeacf5c27c56f3de0d4118a1f48fca83404c99c89/rpds_py-2026.5.1-cp314-cp314-manylinux_2_5_i686.manylinux1_i686.whl", hash = "sha256:ce87129d9f2c14fa6c4a8601fb80eb4488c80d38a20cd13758ef11123e14995d", size = 402789, upload-time = "2026-05-28T12:00:33.247Z" },
    { url = "https://files.pythonhosted.org/packages/e5/1b/e4fb584f8c75d35c38150ff6a332cda949e6f97acba1f4fd123b14ab56fe/rpds_py-2026.5.1-cp314-cp314-musllinux_1_2_aarch64.whl", hash = "sha256:9cdddb6c1207d284d94fd1530adf57fbd797fe7c4b8704ba85f49414f2557e7d", size = 551405, upload-time = "2026-05-28T12:00:34.819Z" },
    { url = "https://files.pythonhosted.org/packages/d8/f7/a6731b4216cb3793ea1af5391da240f5683dacc0d13e034fe5fc3503f240/rpds_py-2026.5.1-cp314-cp314-musllinux_1_2_i686.whl", hash = "sha256:4e237e139f94d3c036fd28eb9f564c99055476ff4ff05cd42be55ce349b5aa02", size = 616975, upload-time = "2026-05-28T12:00:36.268Z" },
    { url = "https://files.pythonhosted.org/packages/2c/ea/2e051a81d95d8e63f4b35a1c463a87e8766bc3d083c067c5dfb6bf220747/rpds_py-2026.5.1-cp314-cp314-musllinux_1_2_x86_64.whl", hash = "sha256:ed0954b524873214369184a9c82b0eaa45a3fbb9a798cd95b17e0d98499e7ea0", size = 578701, upload-time = "2026-05-28T12:00:37.82Z" },
    { url = "https://files.pythonhosted.org/packages/65/56/b5f6fdb2083e32bca8a8993d89e70db114b4756c9e2c38421328126689d2/rpds_py-2026.5.1-cp314-cp314-win32.whl", hash = "sha256:2d88621d6a7d4dfa633d21abe90f280bb205274e16b1d1e61c6ad4640b2453b7", size = 209806, upload-time = "2026-05-28T12:00:39.492Z" },
    { url = "https://files.pythonhosted.org/packages/fb/80/65a5aa96c155e611d1ed844e4e1f57f3e36b021f396d9f8585d756e6b90d/rpds_py-2026.5.1-cp314-cp314-win_amd64.whl", hash = "sha256:cef8ac28d26f4dda3533060c20fbf80a325458fa9fd23ea72a73cdfa8e978838", size = 225985, upload-time = "2026-05-28T12:00:40.94Z" },
    { url = "https://files.pythonhosted.org/packages/27/7c/ad185212e87b05f196daef92bc5f3caf07298eb47c295b5585c3dd3093ac/rpds_py-2026.5.1-cp314-cp314-win_arm64.whl", hash = "sha256:eaaea962c68cdc68d4a533ba985ab8e9484277910bbfaa2ab3ef7732667bfed8", size = 221219, upload-time = "2026-05-28T12:00:43.15Z" },
    { url = "https://files.pythonhosted.org/packages/23/58/e14ae18759020334646b031e708ab4158d653a938822bfb7b95ef2e93aa3/rpds_py-2026.5.1-cp314-cp314t-macosx_10_12_x86_64.whl", hash = "sha256:21942f52dbbd5f8758bf021213d28bd45c39e873e65e2407faf5f1846f5761ad", size = 352148, upload-time = "2026-05-28T12:00:44.638Z" },
    { url = "https://files.pythonhosted.org/packages/31/9b/5f4a1e2f960bca3ac5d052b139dd31eed97b259f9d909173821760d542e8/rpds_py-2026.5.1-cp314-cp314t-macosx_11_0_arm64.whl", hash = "sha256:f414556f6e3958300ff941e40c9f97e3dc9774ddd1b3434c475d73dd354bbed3", size = 345196, upload-time = "2026-05-28T12:00:46.14Z" },
    { url = "https://files.pythonhosted.org/packages/1a/71/1d9574d6a2fa20ab60eaa55c7467f5aa20cbc770f341a05f09c0876f59e2/rpds_py-2026.5.1-cp314-cp314t-manylinux_2_17_aarch64.manylinux2014_aarch64.whl", hash = "sha256:ef1013a8625c74043210190b246f5b1551e09757c1f356c6e4160ef96c5bc081", size = 374981, upload-time = "2026-05-28T12:00:47.531Z" },
    { url = "https://files.pythonhosted.org/packages/0c/9a/37e99f4915a80aa71670263c1267f7ae0af95f53a3f61e6c3bdc016d4515/rpds_py-2026.5.1-cp314-cp314t-manylinux_2_17_armv7l.manylinux2014_armv7l.whl", hash = "sha256:cc68e231a77a5f0d774ae278a1f8e55c0456501820847c1e4efb3829f3441df6", size = 379961, upload-time = "2026-05-28T12:00:49.216Z" },
    { url = "https://files.pythonhosted.org/packages/a8/ff/6e73f74b89d2e0715e0fc86b7dde893f9a61ae2f9b256ff3bdfe41ac4e94/rpds_py-2026.5.1-cp314-cp314t-manylinux_2_17_ppc64le.manylinux2014_ppc64le.whl", hash = "sha256:9baffb505aff33acc69b422a19f77806680f3c8632227d79f48de8a810d1c2c5", size = 495965, upload-time = "2026-05-28T12:00:51.111Z" },
    { url = "https://files.pythonhosted.org/packages/ea/e0/425faba25f59d74d4638b267f7c7a80e8649d2ef4db10a19b0c4a71e6e6f/rpds_py-2026.5.1-cp314-cp314t-manylinux_2_17_s390x.manylinux2014_s390x.whl", hash = "sha256:b8d2f912928d426e8cfa396f7f3f8d29a59e6689c86dcca3c420730c1096322b", size = 389526, upload-time = "2026-05-28T12:00:52.77Z" },
    { url = "https://files.pythonhosted.org/packages/c6/76/7a41960e3fddae47fab43a28684d5da981401dffd88253de0944148654cb/rpds_py-2026.5.1-cp314-cp314t-manylinux_2_17_x86_64.manylinux2014_x86_64.whl", hash = "sha256:90f628283be835db980c941767d41c9a27b5239e54ba0a9c1335247e82406964", size = 376190, upload-time = "2026-05-28T12:00:54.215Z" },
    { url = "https://files.pythonhosted.org/packages/27/60/5f38dc70824fc6951b51d35377e577a3a3a4c81a6769cc5a2de25ebe0ad1/rpds_py-2026.5.1-cp314-cp314t-manylinux_2_31_riscv64.whl", hash = "sha256:1ebb2f0ab7e16132995a72de805170e0203df0c3dd22e1ef1cd1fdd90bd7a131", size = 383921, upload-time = "2026-05-28T12:00:55.673Z" },
    { url = "https://files.pythonhosted.org/packages/60/1a/d60a38caa1505f4b9483c3fbbde12c94e1079154f4f401a6da96f7e77621/rpds_py-2026.5.1-cp314-cp314t-manylinux_2_5_i686.manylinux1_i686.whl", hash = "sha256:f3df3d16ded76f1f8c9cdebd0e1ea55fdf4c23b812de189814da7cf229c22a81", size = 404766, upload-time = "2026-05-28T12:00:57.518Z" },
    { url = "https://files.pythonhosted.org/packages/87/ff/602fd3f174d6425f0bce05ad0dfbec0e96b38d0f7d08a79af5aa20083885/rpds_py-2026.5.1-cp314-cp314t-musllinux_1_2_aarch64.whl", hash = "sha256:9af8905b8f854990e40d5206aa5ac58d9b0fe0b7f351ff2bb086c20f6c8c6a47", size = 551343, upload-time = "2026-05-28T12:00:58.978Z" },
    { url = "https://files.pythonhosted.org/packages/b8/c1/1be13327acdbead3eca1fde03b6a34dbb011f1e864e217f0d32cc1779a7f/rpds_py-2026.5.1-cp314-cp314t-musllinux_1_2_i686.whl", hash = "sha256:036a36a87fb1cd3b214d11c4b3c4f7d2ddad933625dca1c900b56a057c07740a", size = 618502, upload-time = "2026-05-28T12:01:00.656Z" },
    { url = "https://files.pythonhosted.org/packages/f3/d7/afb49b49d7f2be8b7ba1a9f0977fa5168003437b93086726f066544e8351/rpds_py-2026.5.1-cp314-cp314t-musllinux_1_2_x86_64.whl", hash = "sha256:62ae3853454fe9ef283a03c96c2d835d39e84b14643a9d62c82ef0fb87d702ca", size = 581916, upload-time = "2026-05-28T12:01:02.22Z" },
    { url = "https://files.pythonhosted.org/packages/25/d1/dbef8c1f8a10f07beb62b5f054e20099fd9924b3ec001b8f0b6ac7813a85/rpds_py-2026.5.1-cp314-cp314t-win32.whl", hash = "sha256:6c3d771a46ec18b12af06ce36243a9a80b07a5d0515236332d90863ca8bb326a", size = 207855, upload-time = "2026-05-28T12:01:03.821Z" },
    { url = "https://files.pythonhosted.org/packages/2a/72/bfa4e61ab8e7dc1c8adf397e05e6cbdd4239357bd72b248d3de662f23915/rpds_py-2026.5.1-cp314-cp314t-win_amd64.whl", hash = "sha256:c93c629be4636cf54337bd5f06c104d55e42ced54d681f6fe21ae510a65116f6", size = 225422, upload-time = "2026-05-28T12:01:05.194Z" },
]

[[package]]
name = "sniffio"
version = "1.3.1"
source = { registry = "https://pypi.org/simple" }
sdist = { url = "https://files.pythonhosted.org/packages/a2/87/a6771e1546d97e7e041b6ae58d80074f81b7d5121207425c964ddf5cfdbd/sniffio-1.3.1.tar.gz", hash = "sha256:f4324edc670a0f49750a81b895f35c3adb843cca46f0530f79fc1babb23789dc", size = 20372, upload-time = "2024-02-25T23:20:04.057Z" }
wheels = [
    { url = "https://files.pythonhosted.org/packages/e9/44/75a9c9421471a6c4805dbf2356f7c181a29c1879239abab1ea2cc8f38b40/sniffio-1.3.1-py3-none-any.whl", hash = "sha256:2f6da418d1f1e0fddd844478f41680e794e6051915791a034ff65e5f100525a2", size = 10235, upload-time = "2024-02-25T23:20:01.196Z" },
]
